// !$*UTF8*$!
{
	archiveVersion = 1;
	classes = {
	};
	objectVersion = 46;
	objects = {

/* Begin PBXBuildFile section */
		D505BA74192798B10088EF56 /* RutillaViewController.m in Sources */ = {isa = PBXBuildFile; fileRef = D505BA73192798B10088EF56 /* RutillaViewController.m */; };
		D57418E919296724009B4EF9 /* icono_coche_gran-2.png in Resources */ = {isa = PBXBuildFile; fileRef = D57418E819296724009B4EF9 /* icono_coche_gran-2.png */; };
		D5A0400D1933F2F80056CD45 /* GoogleMaps.framework in Frameworks */ = {isa = PBXBuildFile; fileRef = D5A0400C1933F2F80056CD45 /* GoogleMaps.framework */; };
		D5A040111933F45B0056CD45 /* CoreData.framework in Frameworks */ = {isa = PBXBuildFile; fileRef = D5A040101933F45B0056CD45 /* CoreData.framework */; };
		D5A040131933F4680056CD45 /* CoreLocation.framework in Frameworks */ = {isa = PBXBuildFile; fileRef = D5A040121933F4680056CD45 /* CoreLocation.framework */; };
		D5A040151933F4770056CD45 /* CoreText.framework in Frameworks */ = {isa = PBXBuildFile; fileRef = D5A040141933F4770056CD45 /* CoreText.framework */; };
		D5A040171933F4840056CD45 /* GLKit.framework in Frameworks */ = {isa = PBXBuildFile; fileRef = D5A040161933F4840056CD45 /* GLKit.framework */; };
		D5A040191933F4910056CD45 /* ImageIO.framework in Frameworks */ = {isa = PBXBuildFile; fileRef = D5A040181933F4910056CD45 /* ImageIO.framework */; };
		D5A0401B1933F4B10056CD45 /* libc++.dylib in Frameworks */ = {isa = PBXBuildFile; fileRef = D5A0401A1933F4B10056CD45 /* libc++.dylib */; };
		D5A0401D1933F4CB0056CD45 /* libicucore.dylib in Frameworks */ = {isa = PBXBuildFile; fileRef = D5A0401C1933F4CB0056CD45 /* libicucore.dylib */; };
		D5A0401F1933F4D80056CD45 /* libz.dylib in Frameworks */ = {isa = PBXBuildFile; fileRef = D5A0401E1933F4D80056CD45 /* libz.dylib */; };
		D5A040211933F4E60056CD45 /* OpenGLES.framework in Frameworks */ = {isa = PBXBuildFile; fileRef = D5A040201933F4E60056CD45 /* OpenGLES.framework */; };
		D5A040231933F4F30056CD45 /* QuartzCore.framework in Frameworks */ = {isa = PBXBuildFile; fileRef = D5A040221933F4F30056CD45 /* QuartzCore.framework */; };
		D5A040251933F5040056CD45 /* SystemConfiguration.framework in Frameworks */ = {isa = PBXBuildFile; fileRef = D5A040241933F5030056CD45 /* SystemConfiguration.framework */; };
		D5A040281933F7C40056CD45 /* YourViewController.m in Sources */ = {isa = PBXBuildFile; fileRef = D5A040271933F7C40056CD45 /* YourViewController.m */; };
		D5A0402C19346EB70056CD45 /* GoogleMaps.bundle in Resources */ = {isa = PBXBuildFile; fileRef = D5A0402B19346EB70056CD45 /* GoogleMaps.bundle */; };
		D5AC9D2519209F90001E820A /* CeldaFenomenal.m in Sources */ = {isa = PBXBuildFile; fileRef = D5AC9D2419209F90001E820A /* CeldaFenomenal.m */; };
		D5AF5B10191F04F20035EB45 /* Foundation.framework in Frameworks */ = {isa = PBXBuildFile; fileRef = D5AF5B0F191F04F20035EB45 /* Foundation.framework */; };
		D5AF5B12191F04F20035EB45 /* CoreGraphics.framework in Frameworks */ = {isa = PBXBuildFile; fileRef = D5AF5B11191F04F20035EB45 /* CoreGraphics.framework */; };
		D5AF5B14191F04F20035EB45 /* UIKit.framework in Frameworks */ = {isa = PBXBuildFile; fileRef = D5AF5B13191F04F20035EB45 /* UIKit.framework */; };
		D5AF5B1A191F04F20035EB45 /* InfoPlist.strings in Resources */ = {isa = PBXBuildFile; fileRef = D5AF5B18191F04F20035EB45 /* InfoPlist.strings */; };
		D5AF5B1C191F04F20035EB45 /* main.m in Sources */ = {isa = PBXBuildFile; fileRef = D5AF5B1B191F04F20035EB45 /* main.m */; };
		D5AF5B20191F04F20035EB45 /* AppDelegate.m in Sources */ = {isa = PBXBuildFile; fileRef = D5AF5B1F191F04F20035EB45 /* AppDelegate.m */; };
		D5AF5B23191F04F20035EB45 /* Main.storyboard in Resources */ = {isa = PBXBuildFile; fileRef = D5AF5B21191F04F20035EB45 /* Main.storyboard */; };
		D5AF5B26191F04F20035EB45 /* ViewController.m in Sources */ = {isa = PBXBuildFile; fileRef = D5AF5B25191F04F20035EB45 /* ViewController.m */; };
		D5AF5B28191F04F20035EB45 /* Images.xcassets in Resources */ = {isa = PBXBuildFile; fileRef = D5AF5B27191F04F20035EB45 /* Images.xcassets */; };
		D5AF5B2F191F04F20035EB45 /* XCTest.framework in Frameworks */ = {isa = PBXBuildFile; fileRef = D5AF5B2E191F04F20035EB45 /* XCTest.framework */; };
		D5AF5B30191F04F20035EB45 /* Foundation.framework in Frameworks */ = {isa = PBXBuildFile; fileRef = D5AF5B0F191F04F20035EB45 /* Foundation.framework */; };
		D5AF5B31191F04F20035EB45 /* UIKit.framework in Frameworks */ = {isa = PBXBuildFile; fileRef = D5AF5B13191F04F20035EB45 /* UIKit.framework */; };
		D5AF5B39191F04F20035EB45 /* InfoPlist.strings in Resources */ = {isa = PBXBuildFile; fileRef = D5AF5B37191F04F20035EB45 /* InfoPlist.strings */; };
		D5AF5B3B191F04F20035EB45 /* librazosTests.m in Sources */ = {isa = PBXBuildFile; fileRef = D5AF5B3A191F04F20035EB45 /* librazosTests.m */; };
		D5AF5B46191F077B0035EB45 /* LibroFenomenal.m in Sources */ = {isa = PBXBuildFile; fileRef = D5AF5B45191F077B0035EB45 /* LibroFenomenal.m */; };
		D5AF5B47191F077B0035EB45 /* LibroFenomenal.m in Sources */ = {isa = PBXBuildFile; fileRef = D5AF5B45191F077B0035EB45 /* LibroFenomenal.m */; };
		D5AF5B4A191F0FD80035EB45 /* InformacionViewController.m in Sources */ = {isa = PBXBuildFile; fileRef = D5AF5B49191F0FD80035EB45 /* InformacionViewController.m */; };
		D5AF5B4B191F0FD80035EB45 /* InformacionViewController.m in Sources */ = {isa = PBXBuildFile; fileRef = D5AF5B49191F0FD80035EB45 /* InformacionViewController.m */; };
		D5AF5B58191FB76A0035EB45 /* NuevoLibroViewController.m in Sources */ = {isa = PBXBuildFile; fileRef = D5AF5B57191FB76A0035EB45 /* NuevoLibroViewController.m */; };
		D5AF5B59191FB76A0035EB45 /* NuevoLibroViewController.m in Sources */ = {isa = PBXBuildFile; fileRef = D5AF5B57191FB76A0035EB45 /* NuevoLibroViewController.m */; };
		D5B1F694192BAFD400B84675 /* jenkins.jpeg in Resources */ = {isa = PBXBuildFile; fileRef = D5B1F692192BAFD400B84675 /* jenkins.jpeg */; };
		D5B1F695192BAFD400B84675 /* spring.jpeg in Resources */ = {isa = PBXBuildFile; fileRef = D5B1F693192BAFD400B84675 /* spring.jpeg */; };
		D5D3602F1921FF260023DE8A /* CeldaFenomenal.xib in Resources */ = {isa = PBXBuildFile; fileRef = D5D3602E1921FF260023DE8A /* CeldaFenomenal.xib */; };
		D5D360301921FF260023DE8A /* CeldaFenomenal.xib in Resources */ = {isa = PBXBuildFile; fileRef = D5D3602E1921FF260023DE8A /* CeldaFenomenal.xib */; };
		D5D5C1211922E6CB009710A3 /* mapTabViewController.m in Sources */ = {isa = PBXBuildFile; fileRef = D5D5C1201922E6CB009710A3 /* mapTabViewController.m */; };
		D5D5C1221922E6CB009710A3 /* mapTabViewController.m in Sources */ = {isa = PBXBuildFile; fileRef = D5D5C1201922E6CB009710A3 /* mapTabViewController.m */; };
		D5D5C1311922F119009710A3 /* TelefViewController.m in Sources */ = {isa = PBXBuildFile; fileRef = D5D5C1301922F119009710A3 /* TelefViewController.m */; };
		D5D5C1321922F119009710A3 /* TelefViewController.m in Sources */ = {isa = PBXBuildFile; fileRef = D5D5C1301922F119009710A3 /* TelefViewController.m */; };
		D5EE102219251A7E0035F5B8 /* MapKit.framework in Frameworks */ = {isa = PBXBuildFile; fileRef = D5EE102119251A7E0035F5B8 /* MapKit.framework */; };
		D5EE102519251EA80035F5B8 /* CustomAnnotation.m in Sources */ = {isa = PBXBuildFile; fileRef = D5EE102419251EA80035F5B8 /* CustomAnnotation.m */; };
		D5FC77181923B9DA003701EA /* PopupViewController.m in Sources */ = {isa = PBXBuildFile; fileRef = D5FC77171923B9DA003701EA /* PopupViewController.m */; };
/* End PBXBuildFile section */

/* Begin PBXContainerItemProxy section */
		D5AF5B32191F04F20035EB45 /* PBXContainerItemProxy */ = {
			isa = PBXContainerItemProxy;
			containerPortal = D5AF5B04191F04F20035EB45 /* Project object */;
			proxyType = 1;
			remoteGlobalIDString = D5AF5B0B191F04F20035EB45;
			remoteInfo = librazos;
		};
/* End PBXContainerItemProxy section */

/* Begin PBXFileReference section */
		D505BA72192798B10088EF56 /* RutillaViewController.h */ = {isa = PBXFileReference; fileEncoding = 4; lastKnownFileType = sourcecode.c.h; path = RutillaViewController.h; sourceTree = "<group>"; };
		D505BA73192798B10088EF56 /* RutillaViewController.m */ = {isa = PBXFileReference; fileEncoding = 4; lastKnownFileType = sourcecode.c.objc; path = RutillaViewController.m; sourceTree = "<group>"; };
		D57418E819296724009B4EF9 /* icono_coche_gran-2.png */ = {isa = PBXFileReference; lastKnownFileType = image.png; path = "icono_coche_gran-2.png"; sourceTree = "<group>"; };
		D5A0400C1933F2F80056CD45 /* GoogleMaps.framework */ = {isa = PBXFileReference; lastKnownFileType = wrapper.framework; path = GoogleMaps.framework; sourceTree = "<group>"; };
		D5A040101933F45B0056CD45 /* CoreData.framework */ = {isa = PBXFileReference; lastKnownFileType = wrapper.framework; name = CoreData.framework; path = System/Library/Frameworks/CoreData.framework; sourceTree = SDKROOT; };
		D5A040121933F4680056CD45 /* CoreLocation.framework */ = {isa = PBXFileReference; lastKnownFileType = wrapper.framework; name = CoreLocation.framework; path = System/Library/Frameworks/CoreLocation.framework; sourceTree = SDKROOT; };
		D5A040141933F4770056CD45 /* CoreText.framework */ = {isa = PBXFileReference; lastKnownFileType = wrapper.framework; name = CoreText.framework; path = System/Library/Frameworks/CoreText.framework; sourceTree = SDKROOT; };
		D5A040161933F4840056CD45 /* GLKit.framework */ = {isa = PBXFileReference; lastKnownFileType = wrapper.framework; name = GLKit.framework; path = System/Library/Frameworks/GLKit.framework; sourceTree = SDKROOT; };
		D5A040181933F4910056CD45 /* ImageIO.framework */ = {isa = PBXFileReference; lastKnownFileType = wrapper.framework; name = ImageIO.framework; path = System/Library/Frameworks/ImageIO.framework; sourceTree = SDKROOT; };
		D5A0401A1933F4B10056CD45 /* libc++.dylib */ = {isa = PBXFileReference; lastKnownFileType = "compiled.mach-o.dylib"; name = "libc++.dylib"; path = "usr/lib/libc++.dylib"; sourceTree = SDKROOT; };
		D5A0401C1933F4CB0056CD45 /* libicucore.dylib */ = {isa = PBXFileReference; lastKnownFileType = "compiled.mach-o.dylib"; name = libicucore.dylib; path = usr/lib/libicucore.dylib; sourceTree = SDKROOT; };
		D5A0401E1933F4D80056CD45 /* libz.dylib */ = {isa = PBXFileReference; lastKnownFileType = "compiled.mach-o.dylib"; name = libz.dylib; path = usr/lib/libz.dylib; sourceTree = SDKROOT; };
		D5A040201933F4E60056CD45 /* OpenGLES.framework */ = {isa = PBXFileReference; lastKnownFileType = wrapper.framework; name = OpenGLES.framework; path = System/Library/Frameworks/OpenGLES.framework; sourceTree = SDKROOT; };
		D5A040221933F4F30056CD45 /* QuartzCore.framework */ = {isa = PBXFileReference; lastKnownFileType = wrapper.framework; name = QuartzCore.framework; path = System/Library/Frameworks/QuartzCore.framework; sourceTree = SDKROOT; };
		D5A040241933F5030056CD45 /* SystemConfiguration.framework */ = {isa = PBXFileReference; lastKnownFileType = wrapper.framework; name = SystemConfiguration.framework; path = System/Library/Frameworks/SystemConfiguration.framework; sourceTree = SDKROOT; };
		D5A040261933F7C40056CD45 /* YourViewController.h */ = {isa = PBXFileReference; fileEncoding = 4; lastKnownFileType = sourcecode.c.h; path = YourViewController.h; sourceTree = "<group>"; };
		D5A040271933F7C40056CD45 /* YourViewController.m */ = {isa = PBXFileReference; fileEncoding = 4; lastKnownFileType = sourcecode.c.objc; path = YourViewController.m; sourceTree = "<group>"; };
		D5A0402B19346EB70056CD45 /* GoogleMaps.bundle */ = {isa = PBXFileReference; lastKnownFileType = "wrapper.plug-in"; name = GoogleMaps.bundle; path = GoogleMaps.framework/Versions/A/Resources/GoogleMaps.bundle; sourceTree = "<group>"; };
		D5AC9D2319209F90001E820A /* CeldaFenomenal.h */ = {isa = PBXFileReference; fileEncoding = 4; lastKnownFileType = sourcecode.c.h; path = CeldaFenomenal.h; sourceTree = "<group>"; };
		D5AC9D2419209F90001E820A /* CeldaFenomenal.m */ = {isa = PBXFileReference; fileEncoding = 4; lastKnownFileType = sourcecode.c.objc; path = CeldaFenomenal.m; sourceTree = "<group>"; };
		D5AF5B0C191F04F20035EB45 /* iupay.app */ = {isa = PBXFileReference; explicitFileType = wrapper.application; includeInIndex = 0; path = iupay.app; sourceTree = BUILT_PRODUCTS_DIR; };
		D5AF5B0F191F04F20035EB45 /* Foundation.framework */ = {isa = PBXFileReference; lastKnownFileType = wrapper.framework; name = Foundation.framework; path = System/Library/Frameworks/Foundation.framework; sourceTree = SDKROOT; };
		D5AF5B11191F04F20035EB45 /* CoreGraphics.framework */ = {isa = PBXFileReference; lastKnownFileType = wrapper.framework; name = CoreGraphics.framework; path = System/Library/Frameworks/CoreGraphics.framework; sourceTree = SDKROOT; };
		D5AF5B13191F04F20035EB45 /* UIKit.framework */ = {isa = PBXFileReference; lastKnownFileType = wrapper.framework; name = UIKit.framework; path = System/Library/Frameworks/UIKit.framework; sourceTree = SDKROOT; };
		D5AF5B17191F04F20035EB45 /* librazos-Info.plist */ = {isa = PBXFileReference; lastKnownFileType = text.plist.xml; path = "librazos-Info.plist"; sourceTree = "<group>"; };
		D5AF5B19191F04F20035EB45 /* en */ = {isa = PBXFileReference; lastKnownFileType = text.plist.strings; name = en; path = en.lproj/InfoPlist.strings; sourceTree = "<group>"; };
		D5AF5B1B191F04F20035EB45 /* main.m */ = {isa = PBXFileReference; lastKnownFileType = sourcecode.c.objc; path = main.m; sourceTree = "<group>"; };
		D5AF5B1D191F04F20035EB45 /* librazos-Prefix.pch */ = {isa = PBXFileReference; lastKnownFileType = sourcecode.c.h; path = "librazos-Prefix.pch"; sourceTree = "<group>"; };
		D5AF5B1E191F04F20035EB45 /* AppDelegate.h */ = {isa = PBXFileReference; lastKnownFileType = sourcecode.c.h; path = AppDelegate.h; sourceTree = "<group>"; };
		D5AF5B1F191F04F20035EB45 /* AppDelegate.m */ = {isa = PBXFileReference; lastKnownFileType = sourcecode.c.objc; path = AppDelegate.m; sourceTree = "<group>"; };
		D5AF5B22191F04F20035EB45 /* Base */ = {isa = PBXFileReference; lastKnownFileType = file.storyboard; name = Base; path = Base.lproj/Main.storyboard; sourceTree = "<group>"; };
		D5AF5B24191F04F20035EB45 /* ViewController.h */ = {isa = PBXFileReference; lastKnownFileType = sourcecode.c.h; path = ViewController.h; sourceTree = "<group>"; };
		D5AF5B25191F04F20035EB45 /* ViewController.m */ = {isa = PBXFileReference; lastKnownFileType = sourcecode.c.objc; path = ViewController.m; sourceTree = "<group>"; };
		D5AF5B27191F04F20035EB45 /* Images.xcassets */ = {isa = PBXFileReference; lastKnownFileType = folder.assetcatalog; path = Images.xcassets; sourceTree = "<group>"; };
		D5AF5B2D191F04F20035EB45 /* librazosTests.xctest */ = {isa = PBXFileReference; explicitFileType = wrapper.cfbundle; includeInIndex = 0; path = librazosTests.xctest; sourceTree = BUILT_PRODUCTS_DIR; };
		D5AF5B2E191F04F20035EB45 /* XCTest.framework */ = {isa = PBXFileReference; lastKnownFileType = wrapper.framework; name = XCTest.framework; path = Library/Frameworks/XCTest.framework; sourceTree = DEVELOPER_DIR; };
		D5AF5B36191F04F20035EB45 /* librazosTests-Info.plist */ = {isa = PBXFileReference; lastKnownFileType = text.plist.xml; path = "librazosTests-Info.plist"; sourceTree = "<group>"; };
		D5AF5B38191F04F20035EB45 /* en */ = {isa = PBXFileReference; lastKnownFileType = text.plist.strings; name = en; path = en.lproj/InfoPlist.strings; sourceTree = "<group>"; };
		D5AF5B3A191F04F20035EB45 /* librazosTests.m */ = {isa = PBXFileReference; lastKnownFileType = sourcecode.c.objc; path = librazosTests.m; sourceTree = "<group>"; };
		D5AF5B44191F077B0035EB45 /* LibroFenomenal.h */ = {isa = PBXFileReference; fileEncoding = 4; lastKnownFileType = sourcecode.c.h; path = LibroFenomenal.h; sourceTree = "<group>"; };
		D5AF5B45191F077B0035EB45 /* LibroFenomenal.m */ = {isa = PBXFileReference; fileEncoding = 4; lastKnownFileType = sourcecode.c.objc; path = LibroFenomenal.m; sourceTree = "<group>"; };
		D5AF5B48191F0FD80035EB45 /* InformacionViewController.h */ = {isa = PBXFileReference; fileEncoding = 4; lastKnownFileType = sourcecode.c.h; path = InformacionViewController.h; sourceTree = "<group>"; };
		D5AF5B49191F0FD80035EB45 /* InformacionViewController.m */ = {isa = PBXFileReference; fileEncoding = 4; lastKnownFileType = sourcecode.c.objc; path = InformacionViewController.m; sourceTree = "<group>"; };
		D5AF5B56191FB76A0035EB45 /* NuevoLibroViewController.h */ = {isa = PBXFileReference; fileEncoding = 4; lastKnownFileType = sourcecode.c.h; path = NuevoLibroViewController.h; sourceTree = "<group>"; };
		D5AF5B57191FB76A0035EB45 /* NuevoLibroViewController.m */ = {isa = PBXFileReference; fileEncoding = 4; lastKnownFileType = sourcecode.c.objc; path = NuevoLibroViewController.m; sourceTree = "<group>"; };
		D5B1F692192BAFD400B84675 /* jenkins.jpeg */ = {isa = PBXFileReference; lastKnownFileType = image.jpeg; path = jenkins.jpeg; sourceTree = "<group>"; };
		D5B1F693192BAFD400B84675 /* spring.jpeg */ = {isa = PBXFileReference; lastKnownFileType = image.jpeg; path = spring.jpeg; sourceTree = "<group>"; };
		D5D3602E1921FF260023DE8A /* CeldaFenomenal.xib */ = {isa = PBXFileReference; fileEncoding = 4; lastKnownFileType = file.xib; path = CeldaFenomenal.xib; sourceTree = "<group>"; };
		D5D5C11F1922E6CB009710A3 /* mapTabViewController.h */ = {isa = PBXFileReference; fileEncoding = 4; lastKnownFileType = sourcecode.c.h; path = mapTabViewController.h; sourceTree = "<group>"; };
		D5D5C1201922E6CB009710A3 /* mapTabViewController.m */ = {isa = PBXFileReference; fileEncoding = 4; lastKnownFileType = sourcecode.c.objc; path = mapTabViewController.m; sourceTree = "<group>"; };
		D5D5C12F1922F119009710A3 /* TelefViewController.h */ = {isa = PBXFileReference; fileEncoding = 4; lastKnownFileType = sourcecode.c.h; path = TelefViewController.h; sourceTree = "<group>"; };
		D5D5C1301922F119009710A3 /* TelefViewController.m */ = {isa = PBXFileReference; fileEncoding = 4; lastKnownFileType = sourcecode.c.objc; path = TelefViewController.m; sourceTree = "<group>"; };
		D5EE102119251A7E0035F5B8 /* MapKit.framework */ = {isa = PBXFileReference; lastKnownFileType = wrapper.framework; name = MapKit.framework; path = System/Library/Frameworks/MapKit.framework; sourceTree = SDKROOT; };
		D5EE102319251EA80035F5B8 /* CustomAnnotation.h */ = {isa = PBXFileReference; fileEncoding = 4; lastKnownFileType = sourcecode.c.h; path = CustomAnnotation.h; sourceTree = "<group>"; };
		D5EE102419251EA80035F5B8 /* CustomAnnotation.m */ = {isa = PBXFileReference; fileEncoding = 4; lastKnownFileType = sourcecode.c.objc; path = CustomAnnotation.m; sourceTree = "<group>"; };
		D5FC77161923B9DA003701EA /* PopupViewController.h */ = {isa = PBXFileReference; fileEncoding = 4; lastKnownFileType = sourcecode.c.h; path = PopupViewController.h; sourceTree = "<group>"; };
		D5FC77171923B9DA003701EA /* PopupViewController.m */ = {isa = PBXFileReference; fileEncoding = 4; lastKnownFileType = sourcecode.c.objc; path = PopupViewController.m; sourceTree = "<group>"; };
/* End PBXFileReference section */

/* Begin PBXFrameworksBuildPhase section */
		D5AF5B09191F04F20035EB45 /* Frameworks */ = {
			isa = PBXFrameworksBuildPhase;
			buildActionMask = 2147483647;
			files = (
				D5A040251933F5040056CD45 /* SystemConfiguration.framework in Frameworks */,
				D5A040231933F4F30056CD45 /* QuartzCore.framework in Frameworks */,
				D5A040211933F4E60056CD45 /* OpenGLES.framework in Frameworks */,
				D5A0401F1933F4D80056CD45 /* libz.dylib in Frameworks */,
				D5A0401D1933F4CB0056CD45 /* libicucore.dylib in Frameworks */,
				D5A0401B1933F4B10056CD45 /* libc++.dylib in Frameworks */,
				D5A040191933F4910056CD45 /* ImageIO.framework in Frameworks */,
				D5A040171933F4840056CD45 /* GLKit.framework in Frameworks */,
				D5A040151933F4770056CD45 /* CoreText.framework in Frameworks */,
				D5A040131933F4680056CD45 /* CoreLocation.framework in Frameworks */,
				D5A040111933F45B0056CD45 /* CoreData.framework in Frameworks */,
				D5AF5B12191F04F20035EB45 /* CoreGraphics.framework in Frameworks */,
				D5AF5B14191F04F20035EB45 /* UIKit.framework in Frameworks */,
				D5EE102219251A7E0035F5B8 /* MapKit.framework in Frameworks */,
				D5A0400D1933F2F80056CD45 /* GoogleMaps.framework in Frameworks */,
				D5AF5B10191F04F20035EB45 /* Foundation.framework in Frameworks */,
			);
			runOnlyForDeploymentPostprocessing = 0;
		};
		D5AF5B2A191F04F20035EB45 /* Frameworks */ = {
			isa = PBXFrameworksBuildPhase;
			buildActionMask = 2147483647;
			files = (
				D5AF5B2F191F04F20035EB45 /* XCTest.framework in Frameworks */,
				D5AF5B31191F04F20035EB45 /* UIKit.framework in Frameworks */,
				D5AF5B30191F04F20035EB45 /* Foundation.framework in Frameworks */,
			);
			runOnlyForDeploymentPostprocessing = 0;
		};
/* End PBXFrameworksBuildPhase section */

/* Begin PBXGroup section */
		D5AF5B03191F04F20035EB45 = {
			isa = PBXGroup;
			children = (
				D5AF5B15191F04F20035EB45 /* librazos */,
				D5AF5B34191F04F20035EB45 /* librazosTests */,
				D5AF5B0E191F04F20035EB45 /* Frameworks */,
				D5AF5B0D191F04F20035EB45 /* Products */,
			);
			sourceTree = "<group>";
		};
		D5AF5B0D191F04F20035EB45 /* Products */ = {
			isa = PBXGroup;
			children = (
				D5AF5B0C191F04F20035EB45 /* iupay.app */,
				D5AF5B2D191F04F20035EB45 /* librazosTests.xctest */,
			);
			name = Products;
			sourceTree = "<group>";
		};
		D5AF5B0E191F04F20035EB45 /* Frameworks */ = {
			isa = PBXGroup;
			children = (
				D5A0402B19346EB70056CD45 /* GoogleMaps.bundle */,
				D5A040241933F5030056CD45 /* SystemConfiguration.framework */,
				D5A040221933F4F30056CD45 /* QuartzCore.framework */,
				D5A040201933F4E60056CD45 /* OpenGLES.framework */,
				D5A0401E1933F4D80056CD45 /* libz.dylib */,
				D5A0401C1933F4CB0056CD45 /* libicucore.dylib */,
				D5A0401A1933F4B10056CD45 /* libc++.dylib */,
				D5A040181933F4910056CD45 /* ImageIO.framework */,
				D5A040161933F4840056CD45 /* GLKit.framework */,
				D5A040141933F4770056CD45 /* CoreText.framework */,
				D5A040121933F4680056CD45 /* CoreLocation.framework */,
				D5A040101933F45B0056CD45 /* CoreData.framework */,
				D5A0400C1933F2F80056CD45 /* GoogleMaps.framework */,
				D5EE102119251A7E0035F5B8 /* MapKit.framework */,
				D5AF5B0F191F04F20035EB45 /* Foundation.framework */,
				D5AF5B11191F04F20035EB45 /* CoreGraphics.framework */,
				D5AF5B13191F04F20035EB45 /* UIKit.framework */,
				D5AF5B2E191F04F20035EB45 /* XCTest.framework */,
			);
			name = Frameworks;
			sourceTree = "<group>";
		};
		D5AF5B15191F04F20035EB45 /* librazos */ = {
			isa = PBXGroup;
			children = (
				D5D5C11F1922E6CB009710A3 /* mapTabViewController.h */,
				D5D5C12F1922F119009710A3 /* TelefViewController.h */,
				D5D5C1301922F119009710A3 /* TelefViewController.m */,
				D5D5C1201922E6CB009710A3 /* mapTabViewController.m */,
				D5B1F692192BAFD400B84675 /* jenkins.jpeg */,
				D5B1F693192BAFD400B84675 /* spring.jpeg */,
				D5AF5B56191FB76A0035EB45 /* NuevoLibroViewController.h */,
				D5AC9D2319209F90001E820A /* CeldaFenomenal.h */,
				D5AC9D2419209F90001E820A /* CeldaFenomenal.m */,
				D5A040261933F7C40056CD45 /* YourViewController.h */,
				D5A040271933F7C40056CD45 /* YourViewController.m */,
				D57418E819296724009B4EF9 /* icono_coche_gran-2.png */,
				D5AF5B57191FB76A0035EB45 /* NuevoLibroViewController.m */,
				D5AF5B1E191F04F20035EB45 /* AppDelegate.h */,
				D5AF5B1F191F04F20035EB45 /* AppDelegate.m */,
				D5AF5B21191F04F20035EB45 /* Main.storyboard */,
				D5AF5B24191F04F20035EB45 /* ViewController.h */,
				D5AF5B48191F0FD80035EB45 /* InformacionViewController.h */,
				D5AF5B49191F0FD80035EB45 /* InformacionViewController.m */,
				D5AF5B25191F04F20035EB45 /* ViewController.m */,
				D5AF5B44191F077B0035EB45 /* LibroFenomenal.h */,
				D5AF5B45191F077B0035EB45 /* LibroFenomenal.m */,
				D5AF5B27191F04F20035EB45 /* Images.xcassets */,
				D5AF5B16191F04F20035EB45 /* Supporting Files */,
				D5D3602E1921FF260023DE8A /* CeldaFenomenal.xib */,
				D5EE101E192516960035F5B8 /* popupController */,
				D505BA72192798B10088EF56 /* RutillaViewController.h */,
				D505BA73192798B10088EF56 /* RutillaViewController.m */,
			);
			path = librazos;
			sourceTree = "<group>";
		};
		D5AF5B16191F04F20035EB45 /* Supporting Files */ = {
			isa = PBXGroup;
			children = (
				D5AF5B17191F04F20035EB45 /* librazos-Info.plist */,
				D5AF5B18191F04F20035EB45 /* InfoPlist.strings */,
				D5AF5B1B191F04F20035EB45 /* main.m */,
				D5AF5B1D191F04F20035EB45 /* librazos-Prefix.pch */,
			);
			name = "Supporting Files";
			sourceTree = "<group>";
		};
		D5AF5B34191F04F20035EB45 /* librazosTests */ = {
			isa = PBXGroup;
			children = (
				D5AF5B3A191F04F20035EB45 /* librazosTests.m */,
				D5AF5B35191F04F20035EB45 /* Supporting Files */,
			);
			path = librazosTests;
			sourceTree = "<group>";
		};
		D5AF5B35191F04F20035EB45 /* Supporting Files */ = {
			isa = PBXGroup;
			children = (
				D5AF5B36191F04F20035EB45 /* librazosTests-Info.plist */,
				D5AF5B37191F04F20035EB45 /* InfoPlist.strings */,
			);
			name = "Supporting Files";
			sourceTree = "<group>";
		};
		D5EE101E192516960035F5B8 /* popupController */ = {
			isa = PBXGroup;
			children = (
				D5FC77161923B9DA003701EA /* PopupViewController.h */,
				D5FC77171923B9DA003701EA /* PopupViewController.m */,
				D5EE102319251EA80035F5B8 /* CustomAnnotation.h */,
				D5EE102419251EA80035F5B8 /* CustomAnnotation.m */,
			);
			name = popupController;
			sourceTree = "<group>";
		};
/* End PBXGroup section */

/* Begin PBXNativeTarget section */
		D5AF5B0B191F04F20035EB45 /* iupay */ = {
			isa = PBXNativeTarget;
			buildConfigurationList = D5AF5B3E191F04F20035EB45 /* Build configuration list for PBXNativeTarget "iupay" */;
			buildPhases = (
				D5AF5B08191F04F20035EB45 /* Sources */,
				D5AF5B09191F04F20035EB45 /* Frameworks */,
				D5AF5B0A191F04F20035EB45 /* Resources */,
			);
			buildRules = (
			);
			dependencies = (
			);
			name = iupay;
			productName = librazos;
			productReference = D5AF5B0C191F04F20035EB45 /* iupay.app */;
			productType = "com.apple.product-type.application";
		};
		D5AF5B2C191F04F20035EB45 /* librazosTests */ = {
			isa = PBXNativeTarget;
			buildConfigurationList = D5AF5B41191F04F20035EB45 /* Build configuration list for PBXNativeTarget "librazosTests" */;
			buildPhases = (
				D5AF5B29191F04F20035EB45 /* Sources */,
				D5AF5B2A191F04F20035EB45 /* Frameworks */,
				D5AF5B2B191F04F20035EB45 /* Resources */,
			);
			buildRules = (
			);
			dependencies = (
				D5AF5B33191F04F20035EB45 /* PBXTargetDependency */,
			);
			name = librazosTests;
			productName = librazosTests;
			productReference = D5AF5B2D191F04F20035EB45 /* librazosTests.xctest */;
			productType = "com.apple.product-type.bundle.unit-test";
		};
/* End PBXNativeTarget section */

/* Begin PBXProject section */
		D5AF5B04191F04F20035EB45 /* Project object */ = {
			isa = PBXProject;
			attributes = {
				LastUpgradeCheck = 0510;
				ORGANIZATIONNAME = cristianTestin;
				TargetAttributes = {
					D5AF5B0B191F04F20035EB45 = {
						DevelopmentTeam = 6P8L7BSCEQ;
						SystemCapabilities = {
							com.apple.iOS = {
								enabled = 1;
							};
						};
					};
					D5AF5B2C191F04F20035EB45 = {
						TestTargetID = D5AF5B0B191F04F20035EB45;
					};
				};
			};
			buildConfigurationList = D5AF5B07191F04F20035EB45 /* Build configuration list for PBXProject "librazos" */;
			compatibilityVersion = "Xcode 3.2";
			developmentRegion = English;
			hasScannedForEncodings = 0;
			knownRegions = (
				en,
				Base,
			);
			mainGroup = D5AF5B03191F04F20035EB45;
			productRefGroup = D5AF5B0D191F04F20035EB45 /* Products */;
			projectDirPath = "";
			projectRoot = "";
			targets = (
				D5AF5B0B191F04F20035EB45 /* iupay */,
				D5AF5B2C191F04F20035EB45 /* librazosTests */,
			);
		};
/* End PBXProject section */

/* Begin PBXResourcesBuildPhase section */
		D5AF5B0A191F04F20035EB45 /* Resources */ = {
			isa = PBXResourcesBuildPhase;
			buildActionMask = 2147483647;
			files = (
				D5AF5B28191F04F20035EB45 /* Images.xcassets in Resources */,
				D5D3602F1921FF260023DE8A /* CeldaFenomenal.xib in Resources */,
				D5B1F695192BAFD400B84675 /* spring.jpeg in Resources */,
				D5AF5B1A191F04F20035EB45 /* InfoPlist.strings in Resources */,
				D57418E919296724009B4EF9 /* icono_coche_gran-2.png in Resources */,
				D5B1F694192BAFD400B84675 /* jenkins.jpeg in Resources */,
				D5AF5B23191F04F20035EB45 /* Main.storyboard in Resources */,
				D5A0402C19346EB70056CD45 /* GoogleMaps.bundle in Resources */,
			);
			runOnlyForDeploymentPostprocessing = 0;
		};
		D5AF5B2B191F04F20035EB45 /* Resources */ = {
			isa = PBXResourcesBuildPhase;
			buildActionMask = 2147483647;
			files = (
				D5D360301921FF260023DE8A /* CeldaFenomenal.xib in Resources */,
				D5AF5B39191F04F20035EB45 /* InfoPlist.strings in Resources */,
			);
			runOnlyForDeploymentPostprocessing = 0;
		};
/* End PBXResourcesBuildPhase section */

/* Begin PBXSourcesBuildPhase section */
		D5AF5B08191F04F20035EB45 /* Sources */ = {
			isa = PBXSourcesBuildPhase;
			buildActionMask = 2147483647;
			files = (
				D5AC9D2519209F90001E820A /* CeldaFenomenal.m in Sources */,
				D5D5C1211922E6CB009710A3 /* mapTabViewController.m in Sources */,
				D5D5C1311922F119009710A3 /* TelefViewController.m in Sources */,
				D5AF5B46191F077B0035EB45 /* LibroFenomenal.m in Sources */,
				D5AF5B58191FB76A0035EB45 /* NuevoLibroViewController.m in Sources */,
				D5EE102519251EA80035F5B8 /* CustomAnnotation.m in Sources */,
				D5A040281933F7C40056CD45 /* YourViewController.m in Sources */,
				D5AF5B26191F04F20035EB45 /* ViewController.m in Sources */,
				D5AF5B20191F04F20035EB45 /* AppDelegate.m in Sources */,
				D5AF5B1C191F04F20035EB45 /* main.m in Sources */,
				D5AF5B4A191F0FD80035EB45 /* InformacionViewController.m in Sources */,
				D505BA74192798B10088EF56 /* RutillaViewController.m in Sources */,
				D5FC77181923B9DA003701EA /* PopupViewController.m in Sources */,
			);
			runOnlyForDeploymentPostprocessing = 0;
		};
		D5AF5B29191F04F20035EB45 /* Sources */ = {
			isa = PBXSourcesBuildPhase;
			buildActionMask = 2147483647;
			files = (
				D5AF5B4B191F0FD80035EB45 /* InformacionViewController.m in Sources */,
				D5D5C1221922E6CB009710A3 /* mapTabViewController.m in Sources */,
				D5AF5B59191FB76A0035EB45 /* NuevoLibroViewController.m in Sources */,
				D5AF5B47191F077B0035EB45 /* LibroFenomenal.m in Sources */,
				D5AF5B3B191F04F20035EB45 /* librazosTests.m in Sources */,
				D5D5C1321922F119009710A3 /* TelefViewController.m in Sources */,
			);
			runOnlyForDeploymentPostprocessing = 0;
		};
/* End PBXSourcesBuildPhase section */

/* Begin PBXTargetDependency section */
		D5AF5B33191F04F20035EB45 /* PBXTargetDependency */ = {
			isa = PBXTargetDependency;
			target = D5AF5B0B191F04F20035EB45 /* iupay */;
			targetProxy = D5AF5B32191F04F20035EB45 /* PBXContainerItemProxy */;
		};
/* End PBXTargetDependency section */

/* Begin PBXVariantGroup section */
		D5AF5B18191F04F20035EB45 /* InfoPlist.strings */ = {
			isa = PBXVariantGroup;
			children = (
				D5AF5B19191F04F20035EB45 /* en */,
			);
			name = InfoPlist.strings;
			sourceTree = "<group>";
		};
		D5AF5B21191F04F20035EB45 /* Main.storyboard */ = {
			isa = PBXVariantGroup;
			children = (
				D5AF5B22191F04F20035EB45 /* Base */,
			);
			name = Main.storyboard;
			sourceTree = "<group>";
		};
		D5AF5B37191F04F20035EB45 /* InfoPlist.strings */ = {
			isa = PBXVariantGroup;
			children = (
				D5AF5B38191F04F20035EB45 /* en */,
			);
			name = InfoPlist.strings;
			sourceTree = "<group>";
		};
/* End PBXVariantGroup section */

/* Begin XCBuildConfiguration section */
		D5AF5B3C191F04F20035EB45 /* Debug */ = {
			isa = XCBuildConfiguration;
			buildSettings = {
				ALWAYS_SEARCH_USER_PATHS = NO;
				CLANG_CXX_LANGUAGE_STANDARD = "gnu++0x";
				CLANG_CXX_LIBRARY = "libc++";
				CLANG_ENABLE_MODULES = YES;
				CLANG_ENABLE_OBJC_ARC = YES;
				CLANG_WARN_BOOL_CONVERSION = YES;
				CLANG_WARN_CONSTANT_CONVERSION = YES;
				CLANG_WARN_DIRECT_OBJC_ISA_USAGE = YES_ERROR;
				CLANG_WARN_EMPTY_BODY = YES;
				CLANG_WARN_ENUM_CONVERSION = YES;
				CLANG_WARN_INT_CONVERSION = YES;
				CLANG_WARN_OBJC_ROOT_CLASS = YES_ERROR;
				CLANG_WARN__DUPLICATE_METHOD_MATCH = YES;
				"CODE_SIGN_IDENTITY[sdk=iphoneos*]" = "iPhone Developer";
				COPY_PHASE_STRIP = NO;
				GCC_C_LANGUAGE_STANDARD = gnu99;
				GCC_DYNAMIC_NO_PIC = NO;
				GCC_OPTIMIZATION_LEVEL = 0;
				GCC_PREPROCESSOR_DEFINITIONS = (
					"DEBUG=1",
					"$(inherited)",
				);
				GCC_SYMBOLS_PRIVATE_EXTERN = NO;
				GCC_WARN_64_TO_32_BIT_CONVERSION = YES;
				GCC_WARN_ABOUT_RETURN_TYPE = YES_ERROR;
				GCC_WARN_UNDECLARED_SELECTOR = YES;
				GCC_WARN_UNINITIALIZED_AUTOS = YES_AGGRESSIVE;
				GCC_WARN_UNUSED_FUNCTION = YES;
				GCC_WARN_UNUSED_VARIABLE = YES;
				IPHONEOS_DEPLOYMENT_TARGET = 7.1;
				ONLY_ACTIVE_ARCH = YES;
				SDKROOT = iphoneos;
			};
			name = Debug;
		};
		D5AF5B3D191F04F20035EB45 /* Release */ = {
			isa = XCBuildConfiguration;
			buildSettings = {
				ALWAYS_SEARCH_USER_PATHS = NO;
				CLANG_CXX_LANGUAGE_STANDARD = "gnu++0x";
				CLANG_CXX_LIBRARY = "libc++";
				CLANG_ENABLE_MODULES = YES;
				CLANG_ENABLE_OBJC_ARC = YES;
				CLANG_WARN_BOOL_CONVERSION = YES;
				CLANG_WARN_CONSTANT_CONVERSION = YES;
				CLANG_WARN_DIRECT_OBJC_ISA_USAGE = YES_ERROR;
				CLANG_WARN_EMPTY_BODY = YES;
				CLANG_WARN_ENUM_CONVERSION = YES;
				CLANG_WARN_INT_CONVERSION = YES;
				CLANG_WARN_OBJC_ROOT_CLASS = YES_ERROR;
				CLANG_WARN__DUPLICATE_METHOD_MATCH = YES;
				"CODE_SIGN_IDENTITY[sdk=iphoneos*]" = "iPhone Developer";
				COPY_PHASE_STRIP = YES;
				ENABLE_NS_ASSERTIONS = NO;
				GCC_C_LANGUAGE_STANDARD = gnu99;
				GCC_WARN_64_TO_32_BIT_CONVERSION = YES;
				GCC_WARN_ABOUT_RETURN_TYPE = YES_ERROR;
				GCC_WARN_UNDECLARED_SELECTOR = YES;
				GCC_WARN_UNINITIALIZED_AUTOS = YES_AGGRESSIVE;
				GCC_WARN_UNUSED_FUNCTION = YES;
				GCC_WARN_UNUSED_VARIABLE = YES;
				IPHONEOS_DEPLOYMENT_TARGET = 7.1;
				SDKROOT = iphoneos;
				VALIDATE_PRODUCT = YES;
			};
			name = Release;
		};
		D5AF5B3F191F04F20035EB45 /* Debug */ = {
			isa = XCBuildConfiguration;
			buildSettings = {
				ASSETCATALOG_COMPILER_APPICON_NAME = AppIcon;
				ASSETCATALOG_COMPILER_LAUNCHIMAGE_NAME = LaunchImage;
				CODE_SIGN_IDENTITY = "iPhone Distribution: Redsys, Servicios de Procesamiento, S.L. (6P8L7BSCEQ)";
				"CODE_SIGN_IDENTITY[sdk=iphoneos*]" = "iPhone Distribution";
				FRAMEWORK_SEARCH_PATHS = (
					"$(inherited)",
					"$(PROJECT_DIR)",
				);
				GCC_PRECOMPILE_PREFIX_HEADER = YES;
				GCC_PREFIX_HEADER = "librazos/librazos-Prefix.pch";
				INFOPLIST_FILE = "librazos/librazos-Info.plist";
				OTHER_LDFLAGS = "-ObjC";
				PRODUCT_NAME = "$(TARGET_NAME)";
				PROVISIONING_PROFILE = "C0DD92FD-21F6-45FE-8579-BE96DFE49901";
				WRAPPER_EXTENSION = app;
			};
			name = Debug;
		};
		D5AF5B40191F04F20035EB45 /* Release */ = {
			isa = XCBuildConfiguration;
			buildSettings = {
				ASSETCATALOG_COMPILER_APPICON_NAME = AppIcon;
				ASSETCATALOG_COMPILER_LAUNCHIMAGE_NAME = LaunchImage;
				CODE_SIGN_IDENTITY = "iPhone Distribution: Redsys, Servicios de Procesamiento, S.L. (6P8L7BSCEQ)";
				"CODE_SIGN_IDENTITY[sdk=iphoneos*]" = "iPhone Distribution";
				FRAMEWORK_SEARCH_PATHS = (
					"$(inherited)",
					"$(PROJECT_DIR)",
				);
				GCC_PRECOMPILE_PREFIX_HEADER = YES;
				GCC_PREFIX_HEADER = "librazos/librazos-Prefix.pch";
				INFOPLIST_FILE = "librazos/librazos-Info.plist";
				OTHER_LDFLAGS = "-ObjC";
				PRODUCT_NAME = "$(TARGET_NAME)";
				PROVISIONING_PROFILE = "C0DD92FD-21F6-45FE-8579-BE96DFE49901";
				WRAPPER_EXTENSION = app;
			};
			name = Release;
		};
		D5AF5B42191F04F20035EB45 /* Debug */ = {
			isa = XCBuildConfiguration;
			buildSettings = {
				BUNDLE_LOADER = "$(BUILT_PRODUCTS_DIR)/librazos.app/librazos";
				CODE_SIGN_IDENTITY = "iPhone Distribution";
				FRAMEWORK_SEARCH_PATHS = (
					"$(SDKROOT)/Developer/Library/Frameworks",
					"$(inherited)",
					"$(DEVELOPER_FRAMEWORKS_DIR)",
				);
				GCC_PRECOMPILE_PREFIX_HEADER = YES;
				GCC_PREFIX_HEADER = "librazos/librazos-Prefix.pch";
				GCC_PREPROCESSOR_DEFINITIONS = (
					"DEBUG=1",
					"$(inherited)",
				);
				INFOPLIST_FILE = "librazosTests/librazosTests-Info.plist";
				PRODUCT_NAME = "$(TARGET_NAME)";
				PROVISIONING_PROFILE = "F77B7A66-A478-4FCB-9A59-F276A0E509DA";
				TEST_HOST = "$(BUNDLE_LOADER)";
				WRAPPER_EXTENSION = xctest;
			};
			name = Debug;
		};
		D5AF5B43191F04F20035EB45 /* Release */ = {
			isa = XCBuildConfiguration;
			buildSettings = {
				BUNDLE_LOADER = "$(BUILT_PRODUCTS_DIR)/librazos.app/librazos";
				CODE_SIGN_IDENTITY = "iPhone Distribution";
				FRAMEWORK_SEARCH_PATHS = (
					"$(SDKROOT)/Developer/Library/Frameworks",
					"$(inherited)",
					"$(DEVELOPER_FRAMEWORKS_DIR)",
				);
				GCC_PRECOMPILE_PREFIX_HEADER = YES;
				GCC_PREFIX_HEADER = "librazos/librazos-Prefix.pch";
				INFOPLIST_FILE = "librazosTests/librazosTests-Info.plist";
				PRODUCT_NAME = "$(TARGET_NAME)";
				PROVISIONING_PROFILE = "F77B7A66-A478-4FCB-9A59-F276A0E509DA";
				TEST_HOST = "$(BUNDLE_LOADER)";
				WRAPPER_EXTENSION = xctest;
			};
			name = Release;
		};
/* End XCBuildConfiguration section */

/* Begin XCConfigurationList section */
		D5AF5B07191F04F20035EB45 /* Build configuration list for PBXProject "librazos" */ = {
			isa = XCConfigurationList;
			buildConfigurations = (
				D5AF5B3C191F04F20035EB45 /* Debug */,
				D5AF5B3D191F04F20035EB45 /* Release */,
			);
			defaultConfigurationIsVisible = 0;
			defaultConfigurationName = Release;
		};
		D5AF5B3E191F04F20035EB45 /* Build configuration list for PBXNativeTarget "iupay" */ = {
			isa = XCConfigurationList;
			buildConfigurations = (
				D5AF5B3F191F04F20035EB45 /* Debug */,
				D5AF5B40191F04F20035EB45 /* Release */,
			);
			defaultConfigurationIsVisible = 0;
			defaultConfigurationName = Release;
		};
		D5AF5B41191F04F20035EB45 /* Build configuration list for PBXNativeTarget "librazosTests" */ = {
			isa = XCConfigurationList;
			buildConfigurations = (
				D5AF5B42191F04F20035EB45 /* Debug */,
				D5AF5B43191F04F20035EB45 /* Release */,
			);
			defaultConfigurationIsVisible = 0;
			defaultConfigurationName = Release;
		};
/* End XCConfigurationList section */
	};
	rootObject = D5AF5B04191F04F20035EB45 /* Project object */;
}
